
Microsoft Visual Studio Solution File, Format Version 12.00
# Visual Studio Version 17
VisualStudioVersion = 17.2.32630.192
MinimumVisualStudioVersion = 10.0.40219.1
Project("{FAE04EC0-301F-11D3-BF4B-00C04F79EFBC}") = "BookStore.Api", "BookStore.Api\BookStore.Api.csproj", "{CD3DB846-674E-4686-86AA-81ADED8D8A41}"
EndProject
Global
	GlobalSection(SolutionConfigurationPlatforms) = preSolution
		Debug|Any CPU = Debug|Any CPU
		Release|Any CPU = Release|Any CPU
	EndGlobalSection
	GlobalSection(ProjectConfigurationPlatforms) = postSolution
		{CD3DB846-674E-4686-86AA-81ADED8D8A41}.Debug|Any CPU.ActiveCfg = Debug|Any CPU
		{CD3DB846-674E-4686-86AA-81ADED8D8A41}.Debug|Any CPU.Build.0 = Debug|Any CPU
		{CD3DB846-674E-4686-86AA-81ADED8D8A41}.Release|Any CPU.ActiveCfg = Release|Any CPU
		{CD3DB846-674E-4686-86AA-81ADED8D8A41}.Release|Any CPU.Build.0 = Release|Any CPU
	EndGlobalSection
	GlobalSection(SolutionProperties) = preSolution
		HideSolutionNode = FALSE
	EndGlobalSection
	GlobalSection(ExtensibilityGlobals) = postSolution
		SolutionGuid = {AB079A1A-9E39-411B-B5EE-83128C1EE465}
	EndGlobalSection
EndGlobal
